
Microsoft Visual Studio Solution File, Format Version 12.00
# Visual Studio Version 16
VisualStudioVersion = 16.0.30011.22
MinimumVisualStudioVersion = 10.0.40219.1
Project("{FAE04EC0-301F-11D3-BF4B-00C04F79EFBC}") = "Traffic_Accident", "Traffic_Accident\Traffic_Accident.csproj", "{AE10B163-0E2C-4673-A791-69F3EC33C9DC}"
EndProject
Global
	GlobalSection(SolutionConfigurationPlatforms) = preSolution
		Debug|Any CPU = Debug|Any CPU
		Release|Any CPU = Release|Any CPU
	EndGlobalSection
	GlobalSection(ProjectConfigurationPlatforms) = postSolution
		{AE10B163-0E2C-4673-A791-69F3EC33C9DC}.Debug|Any CPU.ActiveCfg = Debug|Any CPU
		{AE10B163-0E2C-4673-A791-69F3EC33C9DC}.Debug|Any CPU.Build.0 = Debug|Any CPU
		{AE10B163-0E2C-4673-A791-69F3EC33C9DC}.Release|Any CPU.ActiveCfg = Release|Any CPU
		{AE10B163-0E2C-4673-A791-69F3EC33C9DC}.Release|Any CPU.Build.0 = Release|Any CPU
	EndGlobalSection
	GlobalSection(SolutionProperties) = preSolution
		HideSolutionNode = FALSE
	EndGlobalSection
	GlobalSection(ExtensibilityGlobals) = postSolution
		SolutionGuid = {27A22E01-F1A8-45CD-A7F1-4DE1568B73C1}
	EndGlobalSection
EndGlobal
